{
  "name": "@unihub/hubml",
  "version": "0.5.1",
  "lockfileVersion": 1,
  "requires": true,
  "dependencies": {
    "@iktakahiro/markdown-it-katex": {
      "version": "3.1.0",
      "resolved": "https://registry.npmjs.org/@iktakahiro/markdown-it-katex/-/markdown-it-katex-3.1.0.tgz",
      "integrity": "sha512-Im2hih9ZkUqnUP7FhK0DTkGEVHgKNQ3BNQlbiBreWjSFPxysdylP1Ns5hLvoO+IdI1drhiiip/54VP8Gs3fLvw==",
      "requires": {
        "katex": "^0.10.0"
      }
    },
    "argparse": {
      "version": "1.0.10",
      "resolved": "https://registry.npmjs.org/argparse/-/argparse-1.0.10.tgz",
      "integrity": "sha512-o5Roy6tNG4SL/FOkCAN6RzjiakZS25RLYFrcMttJqbdd8BWrnA+fGz57iN5Pb06pvBGvl5gQ0B48dJlslXvoTg==",
      "requires": {
        "sprintf-js": "~1.0.2"
      }
    },
    "commander": {
      "version": "2.20.0",
      "resolved": "https://registry.npmjs.org/commander/-/commander-2.20.0.tgz",
      "integrity": "sha512-7j2y+40w61zy6YC2iRNpUe/NwhNyoXrYpHMrSunaMG64nRnaf96zO/KMQR4OyN/UnE5KLyEBnKHd4aG3rskjpQ=="
    },
    "entities": {
      "version": "1.1.2",
      "resolved": "https://registry.npmjs.org/entities/-/entities-1.1.2.tgz",
      "integrity": "sha512-f2LZMYl1Fzu7YSBKg+RoROelpOaNrcGmE9AZubeDfrCEia483oW4MI4VyFd5VNHIgQ/7qm1I0wUHK1eJnn2y2w=="
    },
    "json-z": {
      "version": "git+https://github.com/perfaram/masticJSON.git#b7eb57f0dd2174e51cf243f71c95e0051b24da49",
      "from": "git+https://github.com/perfaram/masticJSON.git",
      "requires": {
        "minimist": "^1.2.0"
      }
    },
    "katex": {
      "version": "0.10.2",
      "resolved": "https://registry.npmjs.org/katex/-/katex-0.10.2.tgz",
      "integrity": "sha512-cQOmyIRoMloCoSIOZ1+gEwsksdJZ1EW4SWm3QzxSza/QsnZr6D4U1V9S4q+B/OLm2OQ8TCBecQ8MaIfnScI7cw==",
      "requires": {
        "commander": "^2.19.0"
      }
    },
    "linkify-it": {
      "version": "2.2.0",
      "resolved": "https://registry.npmjs.org/linkify-it/-/linkify-it-2.2.0.tgz",
      "integrity": "sha512-GnAl/knGn+i1U/wjBz3akz2stz+HrHLsxMwHQGofCDfPvlf+gDKN58UtfmUquTY4/MXeE2x7k19KQmeoZi94Iw==",
      "requires": {
        "uc.micro": "^1.0.1"
      }
    },
    "markdown-it": {
      "version": "9.0.1",
      "resolved": "https://registry.npmjs.org/markdown-it/-/markdown-it-9.0.1.tgz",
      "integrity": "sha512-XC9dMBHg28Xi7y5dPuLjM61upIGPJG8AiHNHYqIaXER2KNnn7eKnM5/sF0ImNnyoV224Ogn9b1Pck8VH4k0bxw==",
      "requires": {
        "argparse": "^1.0.7",
        "entities": "~1.1.1",
        "linkify-it": "^2.0.0",
        "mdurl": "^1.0.1",
        "uc.micro": "^1.0.5"
      }
    },
    "markdown-it-anchor-toc": {
      "version": "git+https://github.com/unihub-dev/markdown-it-anchor-toc.git#e0e153215770177d3d340d38682387b87c6e1690",
      "from": "git+https://github.com/unihub-dev/markdown-it-anchor-toc.git"
    },
    "markdown-it-container": {
      "version": "2.0.0",
      "resolved": "https://registry.npmjs.org/markdown-it-container/-/markdown-it-container-2.0.0.tgz",
      "integrity": "sha1-ABm0P9Au7+zi8ZYKKJX7qBpARpU="
    },
    "mdurl": {
      "version": "1.0.1",
      "resolved": "https://registry.npmjs.org/mdurl/-/mdurl-1.0.1.tgz",
      "integrity": "sha1-/oWy7HWlkDfyrf7BAP1sYBdhFS4="
    },
    "minimist": {
      "version": "1.2.0",
      "resolved": "https://registry.npmjs.org/minimist/-/minimist-1.2.0.tgz",
      "integrity": "sha1-o1AIsg9BOD7sH7kU9M1d95omQoQ="
    },
    "sprintf-js": {
      "version": "1.0.3",
      "resolved": "https://registry.npmjs.org/sprintf-js/-/sprintf-js-1.0.3.tgz",
      "integrity": "sha1-BOaSb2YolTVPPdAVIDYzuFcpfiw="
    },
    "uc.micro": {
      "version": "1.0.6",
      "resolved": "https://registry.npmjs.org/uc.micro/-/uc.micro-1.0.6.tgz",
      "integrity": "sha512-8Y75pvTYkLJW2hWQHXxoqRgV7qb9B+9vFEtidML+7koHUFapnVJAZ6cKs+Qjz5Aw3aZWHMC6u0wJE3At+nSGwA=="
    },
    "unorm": {
      "version": "1.6.0",
      "resolved": "https://registry.npmjs.org/unorm/-/unorm-1.6.0.tgz",
      "integrity": "sha512-b2/KCUlYZUeA7JFUuRJZPUtr4gZvBh7tavtv4fvk4+KV9pfGiR6CQAQAWl49ZpR3ts2dk4FYkP7EIgDJoiOLDA=="
    },
    "uslug": {
      "version": "1.0.4",
      "resolved": "https://registry.npmjs.org/uslug/-/uslug-1.0.4.tgz",
      "integrity": "sha1-uaIvCRTgqGFAYz2swwLl9PpFBnc=",
      "requires": {
        "unorm": ">= 1.0.0"
      }
    }
  }
}
